
Microsoft Visual Studio Solution File, Format Version 12.00
# Visual Studio Version 17
VisualStudioVersion = 17.3.32901.215
MinimumVisualStudioVersion = 10.0.40219.1
Project("{FAE04EC0-301F-11D3-BF4B-00C04F79EFBC}") = "NumbersGame", "NumbersGame\NumbersGame.csproj", "{F84C78E9-0E69-4F1A-BA63-5E0034473547}"
EndProject
Global
	GlobalSection(SolutionConfigurationPlatforms) = preSolution
		Debug|Any CPU = Debug|Any CPU
		Release|Any CPU = Release|Any CPU
	EndGlobalSection
	GlobalSection(ProjectConfigurationPlatforms) = postSolution
		{F84C78E9-0E69-4F1A-BA63-5E0034473547}.Debug|Any CPU.ActiveCfg = Debug|Any CPU
		{F84C78E9-0E69-4F1A-BA63-5E0034473547}.Debug|Any CPU.Build.0 = Debug|Any CPU
		{F84C78E9-0E69-4F1A-BA63-5E0034473547}.Release|Any CPU.ActiveCfg = Release|Any CPU
		{F84C78E9-0E69-4F1A-BA63-5E0034473547}.Release|Any CPU.Build.0 = Release|Any CPU
	EndGlobalSection
	GlobalSection(SolutionProperties) = preSolution
		HideSolutionNode = FALSE
	EndGlobalSection
	GlobalSection(ExtensibilityGlobals) = postSolution
		SolutionGuid = {6D1D8D50-9D54-4E9C-8355-DE5C0EE2F4F2}
	EndGlobalSection
EndGlobal
